PODS:
  - dgis_map_kit (0.0.1):
    - DGisMobileSDK (= 10.5.0-map)
    - Flutter
  - DGisMobileSDK (10.5.0-map)
  - Flutter (1.0.0)
  - integration_test (0.0.1):
    - Flutter
  - location (0.0.1):
    - Flutter

DEPENDENCIES:
  - dgis_map_kit (from `.symlinks/plugins/dgis_map_kit/ios`)
  - Flutter (from `Flutter`)
  - integration_test (from `.symlinks/plugins/integration_test/ios`)
  - location (from `.symlinks/plugins/location/ios`)

SPEC REPOS:
  trunk:
    - DGisMobileSDK

EXTERNAL SOURCES:
  dgis_map_kit:
    :path: ".symlinks/plugins/dgis_map_kit/ios"
  Flutter:
    :path: Flutter
  integration_test:
    :path: ".symlinks/plugins/integration_test/ios"
  location:
    :path: ".symlinks/plugins/location/ios"

SPEC CHECKSUMS:
  dgis_map_kit: 1870122a4fdb058df2ca477c57557a8e4aed5299
  DGisMobileSDK: 4df15fe6a9abc4d7f178c0f8d604535669cac77b
  Flutter: e0871f40cf51350855a761d2e70bf5af5b9b5de7
  integration_test: ce0a3ffa1de96d1a89ca0ac26fca7ea18a749ef4
  location: d5cf8598915965547c3f36761ae9cc4f4e87d22e

PODFILE CHECKSUM: a57f30d18f102dd3ce366b1d62a55ecbef2158e5

COCOAPODS: 1.15.2
